
Microsoft Visual Studio Solution File, Format Version 12.00
# Visual Studio 2012
Project("{FAE04EC0-301F-11D3-BF4B-00C04F79EFBC}") = "Libraries", "Libraries\Libraries.csproj", "{D47B7419-72D5-43F9-A3E4-06AD352FE47C}"
EndProject
Global
	GlobalSection(SolutionConfigurationPlatforms) = preSolution
		Debug|Any CPU = Debug|Any CPU
		Release|Any CPU = Release|Any CPU
	EndGlobalSection
	GlobalSection(ProjectConfigurationPlatforms) = postSolution
		{D47B7419-72D5-43F9-A3E4-06AD352FE47C}.Debug|Any CPU.ActiveCfg = Debug|Any CPU
		{D47B7419-72D5-43F9-A3E4-06AD352FE47C}.Debug|Any CPU.Build.0 = Debug|Any CPU
		{D47B7419-72D5-43F9-A3E4-06AD352FE47C}.Release|Any CPU.ActiveCfg = Release|Any CPU
		{D47B7419-72D5-43F9-A3E4-06AD352FE47C}.Release|Any CPU.Build.0 = Release|Any CPU
	EndGlobalSection
	GlobalSection(SolutionProperties) = preSolution
		HideSolutionNode = FALSE
	EndGlobalSection
EndGlobal
